{
  "name": "install_pack",
  "version": "1.0.0",
  "lockfileVersion": 3,
  "requires": true,
  "packages": {
    "": {
      "name": "install_pack",
      "version": "1.0.0",
      "license": "ISC",
      "dependencies": {
        "quadratic_equation_root_finder": "^1.0.0"
      }
    },
    "node_modules/quadratic_equation_root_finder": {
      "version": "1.0.0",
      "resolved": "https://registry.npmjs.org/quadratic_equation_root_finder/-/quadratic_equation_root_finder-1.0.0.tgz",
      "integrity": "sha512-WejgMjdSW+yEzTTrOZbh+bsoks3SAlYGYu2TM88d3TryB5QEahN2LsjVBqOXPKdcrQNtsNJmluzmMth0bKseSw=="
    }
  }
}
